{
  "name": "bloom-filter-experiment",
  "version": "1.0.0",
  "lockfileVersion": 1,
  "requires": true,
  "dependencies": {
    "base64-js": {
      "version": "1.5.1",
      "resolved": "https://registry.npmjs.org/base64-js/-/base64-js-1.5.1.tgz",
      "integrity": "sha512-AKpaYlHn8t4SVbOHCy+b5+KKgvR4vrsD8vbvrbiQJps7fKDTkjkDry6ji0rUJjC0kzbNePLwzxq8iypo41qeWA=="
    },
    "bloomfilter": {
      "version": "0.0.18",
      "resolved": "https://registry.npmjs.org/bloomfilter/-/bloomfilter-0.0.18.tgz",
      "integrity": "sha512-CbnyHE78gY1tpXS/Ap+B0RJxKdRWCDzjBnX97UJSG8rdLv1PK8GiTWc/CCQyWu6PWVD4lUceeFrqC6Mf3nMgOA=="
    },
    "buffer": {
      "version": "6.0.3",
      "resolved": "https://registry.npmjs.org/buffer/-/buffer-6.0.3.tgz",
      "integrity": "sha512-FTiCpNxtwiZZHEZbcbTIcZjERVICn9yq/pDFkTl95/AxzD1naBctN7YO68riM/gLSDY7sdrMby8hofADYuuqOA==",
      "requires": {
        "base64-js": "^1.3.1",
        "ieee754": "^1.2.1"
      }
    },
    "ieee754": {
      "version": "1.2.1",
      "resolved": "https://registry.npmjs.org/ieee754/-/ieee754-1.2.1.tgz",
      "integrity": "sha512-dcyqhDvX1C46lXZcVqCpK+FtMRQVdIMN6/Df5js2zouUsqG7I6sFxitIC+7KYK29KdXOLHdu9zL4sFnoVQnqaA=="
    },
    "messagepack": {
      "version": "1.1.12",
      "resolved": "https://registry.npmjs.org/messagepack/-/messagepack-1.1.12.tgz",
      "integrity": "sha512-pNB6K4q4VMLRXdvlGZkTtQhmKFntvLisnOQnL0VhKpZooL8B8Wsv5TXuidIJil0bCH6V172p3+Onfyow0usPYQ=="
    },
    "string-random": {
      "version": "0.1.3",
      "resolved": "https://registry.npmjs.org/string-random/-/string-random-0.1.3.tgz",
      "integrity": "sha512-g+UsIwzKhNi+9/+Q3Q7hP8R4HkQxiIkQlttnxw6GRdk9pnnkGIv53C6H8dvh8wxAVDhkqpnWeauaPXS1b2sBJg=="
    },
    "zlib": {
      "version": "1.0.5",
      "resolved": "https://registry.npmjs.org/zlib/-/zlib-1.0.5.tgz",
      "integrity": "sha1-bnyXL8NxxkWmr7A6sUdp3vEU/MA="
    }
  }
}
